
Microsoft Visual Studio Solution File, Format Version 12.00
Project("{FAE04EC0-301F-11D3-BF4B-00C04F79EFBC}") = "Main", "Main\Main.csproj", "{49856919-86CE-49D5-A786-5572EF746FB9}"
EndProject
Project("{FAE04EC0-301F-11D3-BF4B-00C04F79EFBC}") = "Logs", "Logs\Logs.csproj", "{0B66CF65-A1B0-4EC1-838E-B87DDDC5DD41}"
EndProject
Project("{FAE04EC0-301F-11D3-BF4B-00C04F79EFBC}") = "Common", "Common\Common.csproj", "{8AFE7A8B-8A1B-490A-A942-BD922EAB987E}"
EndProject
Project("{FAE04EC0-301F-11D3-BF4B-00C04F79EFBC}") = "Spam", "Spam\Spam.csproj", "{A68DA0B6-A70C-40EB-A962-8E7689E25DA7}"
EndProject
Project("{FAE04EC0-301F-11D3-BF4B-00C04F79EFBC}") = "xivapi-cs", "xivapi-cs\xivapi-cs\xivapi-cs.csproj", "{19F60312-A624-42BE-B108-CAA5BDDD92D2}"
EndProject
Global
	GlobalSection(SolutionConfigurationPlatforms) = preSolution
		Debug|Any CPU = Debug|Any CPU
		Release|Any CPU = Release|Any CPU
	EndGlobalSection
	GlobalSection(ProjectConfigurationPlatforms) = postSolution
		{49856919-86CE-49D5-A786-5572EF746FB9}.Debug|Any CPU.ActiveCfg = Debug|Any CPU
		{49856919-86CE-49D5-A786-5572EF746FB9}.Debug|Any CPU.Build.0 = Debug|Any CPU
		{49856919-86CE-49D5-A786-5572EF746FB9}.Release|Any CPU.ActiveCfg = Release|Any CPU
		{49856919-86CE-49D5-A786-5572EF746FB9}.Release|Any CPU.Build.0 = Release|Any CPU
		{0B66CF65-A1B0-4EC1-838E-B87DDDC5DD41}.Debug|Any CPU.ActiveCfg = Debug|Any CPU
		{0B66CF65-A1B0-4EC1-838E-B87DDDC5DD41}.Debug|Any CPU.Build.0 = Debug|Any CPU
		{0B66CF65-A1B0-4EC1-838E-B87DDDC5DD41}.Release|Any CPU.ActiveCfg = Release|Any CPU
		{0B66CF65-A1B0-4EC1-838E-B87DDDC5DD41}.Release|Any CPU.Build.0 = Release|Any CPU
		{8AFE7A8B-8A1B-490A-A942-BD922EAB987E}.Debug|Any CPU.ActiveCfg = Debug|Any CPU
		{8AFE7A8B-8A1B-490A-A942-BD922EAB987E}.Debug|Any CPU.Build.0 = Debug|Any CPU
		{8AFE7A8B-8A1B-490A-A942-BD922EAB987E}.Release|Any CPU.ActiveCfg = Release|Any CPU
		{8AFE7A8B-8A1B-490A-A942-BD922EAB987E}.Release|Any CPU.Build.0 = Release|Any CPU
		{A68DA0B6-A70C-40EB-A962-8E7689E25DA7}.Debug|Any CPU.ActiveCfg = Debug|Any CPU
		{A68DA0B6-A70C-40EB-A962-8E7689E25DA7}.Debug|Any CPU.Build.0 = Debug|Any CPU
		{A68DA0B6-A70C-40EB-A962-8E7689E25DA7}.Release|Any CPU.ActiveCfg = Release|Any CPU
		{A68DA0B6-A70C-40EB-A962-8E7689E25DA7}.Release|Any CPU.Build.0 = Release|Any CPU
		{19F60312-A624-42BE-B108-CAA5BDDD92D2}.Debug|Any CPU.ActiveCfg = Debug|Any CPU
		{19F60312-A624-42BE-B108-CAA5BDDD92D2}.Debug|Any CPU.Build.0 = Debug|Any CPU
		{19F60312-A624-42BE-B108-CAA5BDDD92D2}.Release|Any CPU.ActiveCfg = Release|Any CPU
		{19F60312-A624-42BE-B108-CAA5BDDD92D2}.Release|Any CPU.Build.0 = Release|Any CPU
	EndGlobalSection
EndGlobal
